
Microsoft Visual Studio Solution File, Format Version 12.00
# Visual Studio 15
VisualStudioVersion = 15.0.28307.106
MinimumVisualStudioVersion = 10.0.40219.1
Project("{FAE04EC0-301F-11D3-BF4B-00C04F79EFBC}") = "HIT.REST.Client", "HIT.REST.Client\HIT.REST.Client.csproj", "{1223135E-F5DA-4870-B965-3A1CA8308270}"
EndProject
Global
	GlobalSection(SolutionConfigurationPlatforms) = preSolution
		Debug|Any CPU = Debug|Any CPU
		Release|Any CPU = Release|Any CPU
	EndGlobalSection
	GlobalSection(ProjectConfigurationPlatforms) = postSolution
		{1223135E-F5DA-4870-B965-3A1CA8308270}.Debug|Any CPU.ActiveCfg = Debug|Any CPU
		{1223135E-F5DA-4870-B965-3A1CA8308270}.Debug|Any CPU.Build.0 = Debug|Any CPU
		{1223135E-F5DA-4870-B965-3A1CA8308270}.Release|Any CPU.ActiveCfg = Release|Any CPU
		{1223135E-F5DA-4870-B965-3A1CA8308270}.Release|Any CPU.Build.0 = Release|Any CPU
	EndGlobalSection
	GlobalSection(SolutionProperties) = preSolution
		HideSolutionNode = FALSE
	EndGlobalSection
	GlobalSection(ExtensibilityGlobals) = postSolution
		SolutionGuid = {0508CC98-E483-4FF6-A730-A2D4E2481010}
	EndGlobalSection
EndGlobal
